
Microsoft Visual Studio Solution File, Format Version 12.00
# Visual Studio Version 17
VisualStudioVersion = 17.14.36127.28 d17.14
MinimumVisualStudioVersion = 10.0.40219.1
Project("{FAE04EC0-301F-11D3-BF4B-00C04F79EFBC}") = "Abstraction", "Abstraction\Abstraction.csproj", "{3CB5B8AA-A826-4CBE-AA97-B4FF0EE1BBCF}"
EndProject
Global
	GlobalSection(SolutionConfigurationPlatforms) = preSolution
		Debug|Any CPU = Debug|Any CPU
		Release|Any CPU = Release|Any CPU
	EndGlobalSection
	GlobalSection(ProjectConfigurationPlatforms) = postSolution
		{3CB5B8AA-A826-4CBE-AA97-B4FF0EE1BBCF}.Debug|Any CPU.ActiveCfg = Debug|Any CPU
		{3CB5B8AA-A826-4CBE-AA97-B4FF0EE1BBCF}.Debug|Any CPU.Build.0 = Debug|Any CPU
		{3CB5B8AA-A826-4CBE-AA97-B4FF0EE1BBCF}.Release|Any CPU.ActiveCfg = Release|Any CPU
		{3CB5B8AA-A826-4CBE-AA97-B4FF0EE1BBCF}.Release|Any CPU.Build.0 = Release|Any CPU
	EndGlobalSection
	GlobalSection(SolutionProperties) = preSolution
		HideSolutionNode = FALSE
	EndGlobalSection
	GlobalSection(ExtensibilityGlobals) = postSolution
		SolutionGuid = {6DA9E570-1C3F-4688-A697-3C557DA504A2}
	EndGlobalSection
EndGlobal
